
Microsoft Visual Studio Solution File, Format Version 12.00
# Visual Studio Version 17
VisualStudioVersion = 17.1.32210.238
MinimumVisualStudioVersion = 10.0.40219.1
Project("{FAE04EC0-301F-11D3-BF4B-00C04F79EFBC}") = "Facial Recognition Attendance System", "Facial Recognition Attendance System.csproj", "{9E3E995E-0084-46A3-A16C-CBD8C582E20C}"
EndProject
Global
	GlobalSection(SolutionConfigurationPlatforms) = preSolution
		Debug|Any CPU = Debug|Any CPU
		Release|Any CPU = Release|Any CPU
	EndGlobalSection
	GlobalSection(ProjectConfigurationPlatforms) = postSolution
		{9E3E995E-0084-46A3-A16C-CBD8C582E20C}.Debug|Any CPU.ActiveCfg = Debug|Any CPU
		{9E3E995E-0084-46A3-A16C-CBD8C582E20C}.Debug|Any CPU.Build.0 = Debug|Any CPU
		{9E3E995E-0084-46A3-A16C-CBD8C582E20C}.Release|Any CPU.ActiveCfg = Release|Any CPU
		{9E3E995E-0084-46A3-A16C-CBD8C582E20C}.Release|Any CPU.Build.0 = Release|Any CPU
	EndGlobalSection
	GlobalSection(SolutionProperties) = preSolution
		HideSolutionNode = FALSE
	EndGlobalSection
	GlobalSection(ExtensibilityGlobals) = postSolution
		SolutionGuid = {E99041BA-1C69-436A-83B0-DF43D4669215}
	EndGlobalSection
EndGlobal
